
Microsoft Visual Studio Solution File, Format Version 12.00
# Visual Studio Version 16
VisualStudioVersion = 16.0.32002.261
MinimumVisualStudioVersion = 10.0.40219.1
Project("{9A19103F-16F7-4668-BE54-9A1E7A4F7556}") = "Snadbox", "Snadbox\Snadbox.csproj", "{45D26724-EF80-420C-9465-64BE5DE4256C}"
EndProject
Project("{FAE04EC0-301F-11D3-BF4B-00C04F79EFBC}") = "Assemb2", "Assemb2\Assemb2.csproj", "{227EF91D-B24F-4AED-9BFB-E2289263EF74}"
EndProject
Global
	GlobalSection(SolutionConfigurationPlatforms) = preSolution
		Debug|Any CPU = Debug|Any CPU
		Release|Any CPU = Release|Any CPU
	EndGlobalSection
	GlobalSection(ProjectConfigurationPlatforms) = postSolution
		{45D26724-EF80-420C-9465-64BE5DE4256C}.Debug|Any CPU.ActiveCfg = Debug|Any CPU
		{45D26724-EF80-420C-9465-64BE5DE4256C}.Debug|Any CPU.Build.0 = Debug|Any CPU
		{45D26724-EF80-420C-9465-64BE5DE4256C}.Release|Any CPU.ActiveCfg = Release|Any CPU
		{45D26724-EF80-420C-9465-64BE5DE4256C}.Release|Any CPU.Build.0 = Release|Any CPU
		{227EF91D-B24F-4AED-9BFB-E2289263EF74}.Debug|Any CPU.ActiveCfg = Debug|Any CPU
		{227EF91D-B24F-4AED-9BFB-E2289263EF74}.Debug|Any CPU.Build.0 = Debug|Any CPU
		{227EF91D-B24F-4AED-9BFB-E2289263EF74}.Release|Any CPU.ActiveCfg = Release|Any CPU
		{227EF91D-B24F-4AED-9BFB-E2289263EF74}.Release|Any CPU.Build.0 = Release|Any CPU
	EndGlobalSection
	GlobalSection(SolutionProperties) = preSolution
		HideSolutionNode = FALSE
	EndGlobalSection
	GlobalSection(ExtensibilityGlobals) = postSolution
		SolutionGuid = {392536E7-F929-4FA6-BBA5-522E4C1EA019}
	EndGlobalSection
EndGlobal
